
Microsoft Visual Studio Solution File, Format Version 12.00
# Visual Studio Version 16
VisualStudioVersion = 16.0.34031.81
MinimumVisualStudioVersion = 10.0.40219.1
Project("{FAE04EC0-301F-11D3-BF4B-00C04F79EFBC}") = "MinhHoa1", "MinhHoa1\MinhHoa1.csproj", "{95D8E8D5-77B4-4BB3-8D97-8A040DB4CD61}"
EndProject
Global
	GlobalSection(SolutionConfigurationPlatforms) = preSolution
		Debug|Any CPU = Debug|Any CPU
		Release|Any CPU = Release|Any CPU
	EndGlobalSection
	GlobalSection(ProjectConfigurationPlatforms) = postSolution
		{95D8E8D5-77B4-4BB3-8D97-8A040DB4CD61}.Debug|Any CPU.ActiveCfg = Debug|Any CPU
		{95D8E8D5-77B4-4BB3-8D97-8A040DB4CD61}.Debug|Any CPU.Build.0 = Debug|Any CPU
		{95D8E8D5-77B4-4BB3-8D97-8A040DB4CD61}.Release|Any CPU.ActiveCfg = Release|Any CPU
		{95D8E8D5-77B4-4BB3-8D97-8A040DB4CD61}.Release|Any CPU.Build.0 = Release|Any CPU
	EndGlobalSection
	GlobalSection(SolutionProperties) = preSolution
		HideSolutionNode = FALSE
	EndGlobalSection
	GlobalSection(ExtensibilityGlobals) = postSolution
		SolutionGuid = {DE7683FF-4A3E-4E43-A5F8-E5A856A78F13}
	EndGlobalSection
EndGlobal
